# This file is automatically @generated by Cargo.
# It is not intended for manual editing.
version = 3

[[package]]
name = "grandparent_dep"
version = "0.1.0"

[[package]]
name = "parent_dep"
version = "0.1.0"
dependencies = [
 "grandparent_dep",
]

[[package]]
name = "pub_dep"
version = "0.1.0"
dependencies = [
 "parent_dep",
]
